
Microsoft Visual Studio Solution File, Format Version 12.00
# Visual Studio 15
VisualStudioVersion = 15.0.26124.0
MinimumVisualStudioVersion = 15.0.26124.0
Project("{FAE04EC0-301F-11D3-BF4B-00C04F79EFBC}") = "GameTOP", "GameTOP\GameTOP.csproj", "{3E9AA493-F2A2-443E-AEB7-1547B4C54602}"
EndProject
Project("{FAE04EC0-301F-11D3-BF4B-00C04F79EFBC}") = "GameTOP.Lib", "GameTOP.Lib\GameTOP.Lib.csproj", "{F32F90CE-EE42-4675-820F-356156B6B5D4}"
EndProject
Project("{FAE04EC0-301F-11D3-BF4B-00C04F79EFBC}") = "GameTOP.Interface", "GameTOP.Interface\GameTOP.Interface.csproj", "{00DD7D1A-B1FA-4BDF-942C-153E7C026ED8}"
EndProject
Global
	GlobalSection(SolutionConfigurationPlatforms) = preSolution
		Debug|Any CPU = Debug|Any CPU
		Debug|x64 = Debug|x64
		Debug|x86 = Debug|x86
		Release|Any CPU = Release|Any CPU
		Release|x64 = Release|x64
		Release|x86 = Release|x86
	EndGlobalSection
	GlobalSection(SolutionProperties) = preSolution
		HideSolutionNode = FALSE
	EndGlobalSection
	GlobalSection(ProjectConfigurationPlatforms) = postSolution
		{3E9AA493-F2A2-443E-AEB7-1547B4C54602}.Debug|Any CPU.ActiveCfg = Debug|Any CPU
		{3E9AA493-F2A2-443E-AEB7-1547B4C54602}.Debug|Any CPU.Build.0 = Debug|Any CPU
		{3E9AA493-F2A2-443E-AEB7-1547B4C54602}.Debug|x64.ActiveCfg = Debug|Any CPU
		{3E9AA493-F2A2-443E-AEB7-1547B4C54602}.Debug|x64.Build.0 = Debug|Any CPU
		{3E9AA493-F2A2-443E-AEB7-1547B4C54602}.Debug|x86.ActiveCfg = Debug|Any CPU
		{3E9AA493-F2A2-443E-AEB7-1547B4C54602}.Debug|x86.Build.0 = Debug|Any CPU
		{3E9AA493-F2A2-443E-AEB7-1547B4C54602}.Release|Any CPU.ActiveCfg = Release|Any CPU
		{3E9AA493-F2A2-443E-AEB7-1547B4C54602}.Release|Any CPU.Build.0 = Release|Any CPU
		{3E9AA493-F2A2-443E-AEB7-1547B4C54602}.Release|x64.ActiveCfg = Release|Any CPU
		{3E9AA493-F2A2-443E-AEB7-1547B4C54602}.Release|x64.Build.0 = Release|Any CPU
		{3E9AA493-F2A2-443E-AEB7-1547B4C54602}.Release|x86.ActiveCfg = Release|Any CPU
		{3E9AA493-F2A2-443E-AEB7-1547B4C54602}.Release|x86.Build.0 = Release|Any CPU
		{F32F90CE-EE42-4675-820F-356156B6B5D4}.Debug|Any CPU.ActiveCfg = Debug|Any CPU
		{F32F90CE-EE42-4675-820F-356156B6B5D4}.Debug|Any CPU.Build.0 = Debug|Any CPU
		{F32F90CE-EE42-4675-820F-356156B6B5D4}.Debug|x64.ActiveCfg = Debug|Any CPU
		{F32F90CE-EE42-4675-820F-356156B6B5D4}.Debug|x64.Build.0 = Debug|Any CPU
		{F32F90CE-EE42-4675-820F-356156B6B5D4}.Debug|x86.ActiveCfg = Debug|Any CPU
		{F32F90CE-EE42-4675-820F-356156B6B5D4}.Debug|x86.Build.0 = Debug|Any CPU
		{F32F90CE-EE42-4675-820F-356156B6B5D4}.Release|Any CPU.ActiveCfg = Release|Any CPU
		{F32F90CE-EE42-4675-820F-356156B6B5D4}.Release|Any CPU.Build.0 = Release|Any CPU
		{F32F90CE-EE42-4675-820F-356156B6B5D4}.Release|x64.ActiveCfg = Release|Any CPU
		{F32F90CE-EE42-4675-820F-356156B6B5D4}.Release|x64.Build.0 = Release|Any CPU
		{F32F90CE-EE42-4675-820F-356156B6B5D4}.Release|x86.ActiveCfg = Release|Any CPU
		{F32F90CE-EE42-4675-820F-356156B6B5D4}.Release|x86.Build.0 = Release|Any CPU
		{00DD7D1A-B1FA-4BDF-942C-153E7C026ED8}.Debug|Any CPU.ActiveCfg = Debug|Any CPU
		{00DD7D1A-B1FA-4BDF-942C-153E7C026ED8}.Debug|Any CPU.Build.0 = Debug|Any CPU
		{00DD7D1A-B1FA-4BDF-942C-153E7C026ED8}.Debug|x64.ActiveCfg = Debug|Any CPU
		{00DD7D1A-B1FA-4BDF-942C-153E7C026ED8}.Debug|x64.Build.0 = Debug|Any CPU
		{00DD7D1A-B1FA-4BDF-942C-153E7C026ED8}.Debug|x86.ActiveCfg = Debug|Any CPU
		{00DD7D1A-B1FA-4BDF-942C-153E7C026ED8}.Debug|x86.Build.0 = Debug|Any CPU
		{00DD7D1A-B1FA-4BDF-942C-153E7C026ED8}.Release|Any CPU.ActiveCfg = Release|Any CPU
		{00DD7D1A-B1FA-4BDF-942C-153E7C026ED8}.Release|Any CPU.Build.0 = Release|Any CPU
		{00DD7D1A-B1FA-4BDF-942C-153E7C026ED8}.Release|x64.ActiveCfg = Release|Any CPU
		{00DD7D1A-B1FA-4BDF-942C-153E7C026ED8}.Release|x64.Build.0 = Release|Any CPU
		{00DD7D1A-B1FA-4BDF-942C-153E7C026ED8}.Release|x86.ActiveCfg = Release|Any CPU
		{00DD7D1A-B1FA-4BDF-942C-153E7C026ED8}.Release|x86.Build.0 = Release|Any CPU
	EndGlobalSection
EndGlobal
